
Microsoft Visual Studio Solution File, Format Version 12.00
# Visual Studio Express 2012 for Windows Desktop
Project("{FAE04EC0-301F-11D3-BF4B-00C04F79EFBC}") = "TLM", "TLM\TLM.csproj", "{4684C534-7982-47EF-8B42-B1F22B203CE5}"
EndProject
Project("{FAE04EC0-301F-11D3-BF4B-00C04F79EFBC}") = "TLM.Core", "TLM.Core\TLM.Core.csproj", "{98669278-10F0-4455-94BC-540ADF2602CD}"
EndProject
Global
	GlobalSection(SolutionConfigurationPlatforms) = preSolution
		Debug|Any CPU = Debug|Any CPU
		Release|Any CPU = Release|Any CPU
	EndGlobalSection
	GlobalSection(ProjectConfigurationPlatforms) = postSolution
		{4684C534-7982-47EF-8B42-B1F22B203CE5}.Debug|Any CPU.ActiveCfg = Debug|Any CPU
		{4684C534-7982-47EF-8B42-B1F22B203CE5}.Debug|Any CPU.Build.0 = Debug|Any CPU
		{4684C534-7982-47EF-8B42-B1F22B203CE5}.Release|Any CPU.ActiveCfg = Release|Any CPU
		{4684C534-7982-47EF-8B42-B1F22B203CE5}.Release|Any CPU.Build.0 = Release|Any CPU
		{98669278-10F0-4455-94BC-540ADF2602CD}.Debug|Any CPU.ActiveCfg = Debug|Any CPU
		{98669278-10F0-4455-94BC-540ADF2602CD}.Debug|Any CPU.Build.0 = Debug|Any CPU
		{98669278-10F0-4455-94BC-540ADF2602CD}.Release|Any CPU.ActiveCfg = Release|Any CPU
		{98669278-10F0-4455-94BC-540ADF2602CD}.Release|Any CPU.Build.0 = Release|Any CPU
	EndGlobalSection
	GlobalSection(SolutionProperties) = preSolution
		HideSolutionNode = FALSE
	EndGlobalSection
EndGlobal
